
Microsoft Visual Studio Solution File, Format Version 12.00
# Visual Studio Version 17
VisualStudioVersion = 17.0.31919.166
MinimumVisualStudioVersion = 10.0.40219.1
Project("{9A19103F-16F7-4668-BE54-9A1E7A4F7556}") = "1 - Apis", "1 - Apis\1 - Apis.csproj", "{27753DC1-CA77-43B6-BC66-CD6B3E01F1F8}"
EndProject
Project("{9A19103F-16F7-4668-BE54-9A1E7A4F7556}") = "4 - Data", "4 - Data\4 - Data.csproj", "{C59AFCF7-7706-4248-ACA3-3D9507846F2C}"
EndProject
Project("{9A19103F-16F7-4668-BE54-9A1E7A4F7556}") = "Common", "Common\Common.csproj", "{40778806-AD90-4D4F-A7C9-34D70610291E}"
EndProject
Project("{2150E333-8FDC-42A3-9474-1A3956D46DE8}") = "Solution Items", "Solution Items", "{CADEB8E4-8EEA-4827-B808-7A8989F9846A}"
	ProjectSection(SolutionItems) = preProject
		TextFile1.txt = TextFile1.txt
	EndProjectSection
EndProject
Global
	GlobalSection(SolutionConfigurationPlatforms) = preSolution
		Debug|Any CPU = Debug|Any CPU
		Release|Any CPU = Release|Any CPU
	EndGlobalSection
	GlobalSection(ProjectConfigurationPlatforms) = postSolution
		{27753DC1-CA77-43B6-BC66-CD6B3E01F1F8}.Debug|Any CPU.ActiveCfg = Debug|Any CPU
		{27753DC1-CA77-43B6-BC66-CD6B3E01F1F8}.Debug|Any CPU.Build.0 = Debug|Any CPU
		{27753DC1-CA77-43B6-BC66-CD6B3E01F1F8}.Release|Any CPU.ActiveCfg = Release|Any CPU
		{27753DC1-CA77-43B6-BC66-CD6B3E01F1F8}.Release|Any CPU.Build.0 = Release|Any CPU
		{C59AFCF7-7706-4248-ACA3-3D9507846F2C}.Debug|Any CPU.ActiveCfg = Debug|Any CPU
		{C59AFCF7-7706-4248-ACA3-3D9507846F2C}.Debug|Any CPU.Build.0 = Debug|Any CPU
		{C59AFCF7-7706-4248-ACA3-3D9507846F2C}.Release|Any CPU.ActiveCfg = Release|Any CPU
		{C59AFCF7-7706-4248-ACA3-3D9507846F2C}.Release|Any CPU.Build.0 = Release|Any CPU
		{40778806-AD90-4D4F-A7C9-34D70610291E}.Debug|Any CPU.ActiveCfg = Debug|Any CPU
		{40778806-AD90-4D4F-A7C9-34D70610291E}.Debug|Any CPU.Build.0 = Debug|Any CPU
		{40778806-AD90-4D4F-A7C9-34D70610291E}.Release|Any CPU.ActiveCfg = Release|Any CPU
		{40778806-AD90-4D4F-A7C9-34D70610291E}.Release|Any CPU.Build.0 = Release|Any CPU
	EndGlobalSection
	GlobalSection(SolutionProperties) = preSolution
		HideSolutionNode = FALSE
	EndGlobalSection
	GlobalSection(ExtensibilityGlobals) = postSolution
		SolutionGuid = {BF2607B8-44F8-48E8-A890-BF9B1FD27838}
	EndGlobalSection
EndGlobal
